github.com/shayden/serial v0.0.0-20210508140204-5dbbec860e91 h1:Mv2rcv12c9um3G4uauX2r2cLk5L7dMDEdKHcx3I+FCo=
github.com/shayden/serial v0.0.0-20210508140204-5dbbec860e91/go.mod h1:v/IX1lxV8MjDs4O9HthgJ3HsLn1FpWlVV54nM+XEo9o=
golang.org/x/sys v0.0.0-20210507161434-a76c4d0a0096 h1:5PbJGn5Sp3GEUjJ61aYbUP6RIo3Z3r2E4Tv9y2z8UHo=
golang.org/x/sys v0.0.0-20210507161434-a76c4d0a0096/go.mod h1:oPkhp1MJrh7nUepCBck5+mAzfO9JrbApNNgaTdGDITg=
